
Microsoft Visual Studio Solution File, Format Version 12.00
# Visual Studio Version 17
VisualStudioVersion = 17.2.32616.157
MinimumVisualStudioVersion = 10.0.40219.1
Project("{FAE04EC0-301F-11D3-BF4B-00C04F79EFBC}") = "NewYearTasks", "NewYearTasks\NewYearTasks.csproj", "{4F53711A-49F1-4304-858D-129385F78EE5}"
EndProject
Project("{FAE04EC0-301F-11D3-BF4B-00C04F79EFBC}") = "ServiceLayer", "ServiceLayer\ServiceLayer.csproj", "{35AAD562-5F3E-4825-96CF-63E2342439C0}"
EndProject
Project("{FAE04EC0-301F-11D3-BF4B-00C04F79EFBC}") = "DomainLayer", "DomainLayer\DomainLayer.csproj", "{A788EDC5-DD72-4D26-AE48-C04ED21BEA36}"
EndProject
Global
	GlobalSection(SolutionConfigurationPlatforms) = preSolution
		Debug|Any CPU = Debug|Any CPU
		Release|Any CPU = Release|Any CPU
	EndGlobalSection
	GlobalSection(ProjectConfigurationPlatforms) = postSolution
		{4F53711A-49F1-4304-858D-129385F78EE5}.Debug|Any CPU.ActiveCfg = Debug|Any CPU
		{4F53711A-49F1-4304-858D-129385F78EE5}.Debug|Any CPU.Build.0 = Debug|Any CPU
		{4F53711A-49F1-4304-858D-129385F78EE5}.Release|Any CPU.ActiveCfg = Release|Any CPU
		{4F53711A-49F1-4304-858D-129385F78EE5}.Release|Any CPU.Build.0 = Release|Any CPU
		{35AAD562-5F3E-4825-96CF-63E2342439C0}.Debug|Any CPU.ActiveCfg = Debug|Any CPU
		{35AAD562-5F3E-4825-96CF-63E2342439C0}.Debug|Any CPU.Build.0 = Debug|Any CPU
		{35AAD562-5F3E-4825-96CF-63E2342439C0}.Release|Any CPU.ActiveCfg = Release|Any CPU
		{35AAD562-5F3E-4825-96CF-63E2342439C0}.Release|Any CPU.Build.0 = Release|Any CPU
		{A788EDC5-DD72-4D26-AE48-C04ED21BEA36}.Debug|Any CPU.ActiveCfg = Debug|Any CPU
		{A788EDC5-DD72-4D26-AE48-C04ED21BEA36}.Debug|Any CPU.Build.0 = Debug|Any CPU
		{A788EDC5-DD72-4D26-AE48-C04ED21BEA36}.Release|Any CPU.ActiveCfg = Release|Any CPU
		{A788EDC5-DD72-4D26-AE48-C04ED21BEA36}.Release|Any CPU.Build.0 = Release|Any CPU
	EndGlobalSection
	GlobalSection(SolutionProperties) = preSolution
		HideSolutionNode = FALSE
	EndGlobalSection
	GlobalSection(ExtensibilityGlobals) = postSolution
		SolutionGuid = {A93BE41C-151A-4D9F-B93D-423A3B13877E}
	EndGlobalSection
EndGlobal
